
Microsoft Visual Studio Solution File, Format Version 12.00
# Visual Studio Version 16
VisualStudioVersion = 16.0.29709.97
MinimumVisualStudioVersion = 10.0.40219.1
Project("{FAE04EC0-301F-11D3-BF4B-00C04F79EFBC}") = "Snakes", "Snakes\Snakes.csproj", "{CC4956D5-116A-47D3-B1C7-46AC8474AED0}"
EndProject
Global
	GlobalSection(SolutionConfigurationPlatforms) = preSolution
		Debug|Any CPU = Debug|Any CPU
		Release|Any CPU = Release|Any CPU
	EndGlobalSection
	GlobalSection(ProjectConfigurationPlatforms) = postSolution
		{CC4956D5-116A-47D3-B1C7-46AC8474AED0}.Debug|Any CPU.ActiveCfg = Debug|Any CPU
		{CC4956D5-116A-47D3-B1C7-46AC8474AED0}.Debug|Any CPU.Build.0 = Debug|Any CPU
		{CC4956D5-116A-47D3-B1C7-46AC8474AED0}.Release|Any CPU.ActiveCfg = Release|Any CPU
		{CC4956D5-116A-47D3-B1C7-46AC8474AED0}.Release|Any CPU.Build.0 = Release|Any CPU
	EndGlobalSection
	GlobalSection(SolutionProperties) = preSolution
		HideSolutionNode = FALSE
	EndGlobalSection
	GlobalSection(ExtensibilityGlobals) = postSolution
		SolutionGuid = {B2EC23FE-14ED-4BB2-945D-0B550391472C}
	EndGlobalSection
EndGlobal
